# Run ./gradlew --write-locks to regenerate this file
com.fasterxml.jackson:jackson-bom:2.15.2 (7 constraints: 66920ace)
com.fasterxml.jackson.core:jackson-annotations:2.15.2 (3 constraints: b437eb02)
com.fasterxml.jackson.core:jackson-core:2.15.2 (6 constraints: 247c6260)
com.fasterxml.jackson.core:jackson-databind:2.15.2 (6 constraints: d66e6e0d)
com.fasterxml.jackson.dataformat:jackson-dataformat-yaml:2.15.2 (2 constraints: f513e382)
com.fasterxml.jackson.datatype:jackson-datatype-guava:2.15.2 (2 constraints: f513e382)
com.fasterxml.jackson.datatype:jackson-datatype-jdk8:2.15.2 (2 constraints: f513e382)
com.fasterxml.jackson.datatype:jackson-datatype-jsr310:2.15.2 (2 constraints: f513e382)
com.google.code.findbugs:jsr305:3.0.2 (1 constraints: ce0cce12)
com.google.errorprone:error_prone_annotations:2.18.0 (1 constraints: 040de01f)
com.google.guava:failureaccess:1.0.1 (1 constraints: 140ae1b4)
com.google.guava:guava:32.1.1-jre (2 constraints: b91e157a)
com.google.guava:guava-parent:32.1.1-jre (1 constraints: b70ba0eb)
com.jakewharton.nopen:nopen-annotations:1.0.1 (1 constraints: 0405f135)
org.checkerframework:checker-qual:3.33.0 (1 constraints: 020ddf1f)
org.immutables:value:2.9.3 (1 constraints: 10051336)
org.yaml:snakeyaml:2.0 (1 constraints: 3a178910)

[Test dependencies]
cglib:cglib-nodep:3.2.2 (1 constraints: 490ded24)
com.netflix.nebula:nebula-test:10.5.0 (1 constraints: 3805363b)
junit:junit:4.13.2 (2 constraints: 1d1b6c81)
net.bytebuddy:byte-buddy:1.12.21 (1 constraints: 7d0bbfea)
org.assertj:assertj-core:3.24.2 (1 constraints: 3d05473b)
org.codehaus.groovy:groovy:3.0.12 (2 constraints: 781b1f9d)
org.hamcrest:hamcrest:2.2 (1 constraints: d20cdc04)
org.hamcrest:hamcrest-core:1.3 (1 constraints: cc05fe3f)
org.junit:junit-bom:5.10.0-RC2 (6 constraints: 5b5bb675)
org.junit.jupiter:junit-jupiter-api:5.10.0-RC2 (2 constraints: fa1baee2)
org.junit.jupiter:junit-jupiter-engine:5.10.0-RC2 (2 constraints: 5c1028e4)
org.junit.platform:junit-platform-commons:1.10.0-RC2 (3 constraints: 3f2d4a5c)
org.junit.platform:junit-platform-engine:1.10.0-RC2 (2 constraints: f21b8ee1)
org.objenesis:objenesis:2.4 (1 constraints: ea0c8c0a)
org.opentest4j:opentest4j:1.3.0 (2 constraints: cf209249)
org.spockframework:spock-core:2.3-groovy-3.0 (2 constraints: 922109a6)
org.spockframework:spock-junit4:2.3-groovy-3.0 (1 constraints: 7a1000b0)
