# Run ./gradlew --write-locks to regenerate this file
com.fasterxml.jackson:jackson-bom:2.16.0 (7 constraints: 5f92fec8)
com.fasterxml.jackson.core:jackson-annotations:2.16.0 (3 constraints: b1373902)
com.fasterxml.jackson.core:jackson-core:2.16.0 (6 constraints: 1e7cba5c)
com.fasterxml.jackson.core:jackson-databind:2.16.0 (6 constraints: d06ed009)
com.fasterxml.jackson.dataformat:jackson-dataformat-yaml:2.16.0 (2 constraints: f313ba82)
com.fasterxml.jackson.datatype:jackson-datatype-guava:2.16.0 (2 constraints: f313ba82)
com.fasterxml.jackson.datatype:jackson-datatype-jdk8:2.16.0 (2 constraints: f313ba82)
com.fasterxml.jackson.datatype:jackson-datatype-jsr310:2.16.0 (2 constraints: f313ba82)
com.google.code.findbugs:jsr305:3.0.2 (1 constraints: 170aecb4)
com.google.errorprone:error_prone_annotations:2.21.1 (1 constraints: 480a37bf)
com.google.guava:failureaccess:1.0.1 (1 constraints: 140ae1b4)
com.google.guava:guava:32.1.3-jre (2 constraints: 591eb53e)
com.google.guava:listenablefuture:9999.0-empty-to-avoid-conflict-with-guava (1 constraints: bd17c918)
com.jakewharton.nopen:nopen-annotations:1.0.1 (1 constraints: 0405f135)
org.checkerframework:checker-qual:3.37.0 (1 constraints: 4f0a52bf)
org.immutables:value:2.10.0 (1 constraints: 35052f3b)
org.yaml:snakeyaml:2.2 (1 constraints: 3c178b10)

[Test dependencies]
cglib:cglib-nodep:3.2.2 (1 constraints: 490ded24)
com.netflix.nebula:nebula-test:10.5.0 (1 constraints: 3805363b)
junit:junit:4.13.2 (1 constraints: 1b0e1d4c)
net.bytebuddy:byte-buddy:1.12.21 (1 constraints: 7d0bbfea)
org.assertj:assertj-core:3.24.2 (1 constraints: 3d05473b)
org.codehaus.groovy:groovy:3.0.12 (2 constraints: 781b1f9d)
org.hamcrest:hamcrest:2.2 (1 constraints: d20cdc04)
org.hamcrest:hamcrest-core:1.3 (1 constraints: cc05fe3f)
org.junit:junit-bom:5.10.1 (6 constraints: 9c56cbb6)
org.junit.jupiter:junit-jupiter-api:5.10.1 (2 constraints: 141a501f)
org.junit.jupiter:junit-jupiter-engine:5.10.1 (2 constraints: 760e5f71)
org.junit.platform:junit-platform-commons:1.10.1 (3 constraints: 662a4e8e)
org.junit.platform:junit-platform-engine:1.10.1 (2 constraints: 0c1a601e)
org.objenesis:objenesis:2.4 (1 constraints: ea0c8c0a)
org.opentest4j:opentest4j:1.3.0 (2 constraints: cf209249)
org.spockframework:spock-core:2.3-groovy-3.0 (2 constraints: 922109a6)
org.spockframework:spock-junit4:2.3-groovy-3.0 (1 constraints: 7a1000b0)
