# Run ./gradlew writeVersionsLocks to regenerate this file
com.fasterxml.jackson:jackson-bom:2.17.2 (7 constraints: 74925ad8)
com.fasterxml.jackson.core:jackson-annotations:2.17.2 (3 constraints: ba376704)
com.fasterxml.jackson.core:jackson-core:2.17.2 (6 constraints: 307ce267)
com.fasterxml.jackson.core:jackson-databind:2.17.2 (6 constraints: e26eda14)
com.fasterxml.jackson.dataformat:jackson-dataformat-yaml:2.17.2 (2 constraints: f9134583)
com.fasterxml.jackson.datatype:jackson-datatype-guava:2.17.2 (2 constraints: f9134583)
com.fasterxml.jackson.datatype:jackson-datatype-jdk8:2.17.2 (2 constraints: f9134583)
com.fasterxml.jackson.datatype:jackson-datatype-jsr310:2.17.2 (2 constraints: f9134583)
com.google.code.findbugs:jsr305:3.0.2 (1 constraints: 170aecb4)
com.google.errorprone:error_prone_annotations:2.26.1 (1 constraints: 4d0a46bf)
com.google.guava:failureaccess:1.0.2 (1 constraints: 150ae2b4)
com.google.guava:guava:33.2.1-jre (2 constraints: 591ebb3e)
com.google.guava:listenablefuture:9999.0-empty-to-avoid-conflict-with-guava (1 constraints: bd17c918)
com.jakewharton.nopen:nopen-annotations:1.0.1 (1 constraints: 0405f135)
org.checkerframework:checker-qual:3.42.0 (1 constraints: 4b0a47bf)
org.immutables:value:2.10.1 (1 constraints: 3605303b)
org.yaml:snakeyaml:2.2 (1 constraints: 3c178b10)

[Test dependencies]
cglib:cglib-nodep:3.2.2 (1 constraints: 490ded24)
com.netflix.nebula:nebula-test:10.6.1 (1 constraints: 3a053a3b)
junit:junit:4.13.2 (1 constraints: 1b0e1d4c)
net.bytebuddy:byte-buddy:1.14.16 (1 constraints: 830bcaea)
org.assertj:assertj-core:3.26.0 (1 constraints: 3d054b3b)
org.codehaus.groovy:groovy:3.0.12 (2 constraints: 781b1f9d)
org.hamcrest:hamcrest:2.2 (1 constraints: d20cdc04)
org.hamcrest:hamcrest-core:1.3 (1 constraints: cc05fe3f)
org.junit:junit-bom:5.11.0-M2 (6 constraints: f8590be0)
org.junit.jupiter:junit-jupiter-api:5.11.0-M2 (2 constraints: 6c1b34ae)
org.junit.jupiter:junit-jupiter-engine:5.11.0-M2 (2 constraints: ce0f96c4)
org.junit.platform:junit-platform-commons:1.11.0-M2 (3 constraints: 6a2c24df)
org.junit.platform:junit-platform-engine:1.11.0-M2 (2 constraints: 641b20ad)
org.objenesis:objenesis:2.4 (1 constraints: ea0c8c0a)
org.opentest4j:opentest4j:1.3.0 (2 constraints: cf209249)
org.spockframework:spock-core:2.3-groovy-3.0 (2 constraints: 922109a6)
org.spockframework:spock-junit4:2.3-groovy-3.0 (1 constraints: 7a1000b0)
